// !$*UTF8*$!
{
	archiveVersion = 1;
	classes = {
	};
	objectVersion = 50;
	objects = {

/* Begin PBXBuildFile section */
		FF6E955823EEE793001E9C24 /* AppDelegate.swift in Sources */ = {isa = PBXBuildFile; fileRef = FF6E955723EEE793001E9C24 /* AppDelegate.swift */; };
		FF6E955A23EEE793001E9C24 /* SceneDelegate.swift in Sources */ = {isa = PBXBuildFile; fileRef = FF6E955923EEE793001E9C24 /* SceneDelegate.swift */; };
		FF6E955D23EEE793001E9C24 /* CoolLoginScreens.xcdatamodeld in Sources */ = {isa = PBXBuildFile; fileRef = FF6E955B23EEE793001E9C24 /* CoolLoginScreens.xcdatamodeld */; };
		FF6E955F23EEE793001E9C24 /* ContentView.swift in Sources */ = {isa = PBXBuildFile; fileRef = FF6E955E23EEE793001E9C24 /* ContentView.swift */; };
		FF6E956123EEE795001E9C24 /* Assets.xcassets in Resources */ = {isa = PBXBuildFile; fileRef = FF6E956023EEE795001E9C24 /* Assets.xcassets */; };
		FF6E956423EEE795001E9C24 /* Preview Assets.xcassets in Resources */ = {isa = PBXBuildFile; fileRef = FF6E956323EEE795001E9C24 /* Preview Assets.xcassets */; };
		FF6E956723EEE795001E9C24 /* LaunchScreen.storyboard in Resources */ = {isa = PBXBuildFile; fileRef = FF6E956523EEE795001E9C24 /* LaunchScreen.storyboard */; };
		FF6E956F23EF22DA001E9C24 /* AppTextField.swift in Sources */ = {isa = PBXBuildFile; fileRef = FF6E956E23EF22DA001E9C24 /* AppTextField.swift */; };
		FF6E957323EF27FE001E9C24 /* Temp.swift in Sources */ = {isa = PBXBuildFile; fileRef = FF6E957223EF27FE001E9C24 /* Temp.swift */; };
		FF6E957523EFD5B6001E9C24 /* UserViewModel.swift in Sources */ = {isa = PBXBuildFile; fileRef = FF6E957423EFD5B6001E9C24 /* UserViewModel.swift */; };
		FF6E957723EFD8BA001E9C24 /* PasswordStrength.swift in Sources */ = {isa = PBXBuildFile; fileRef = FF6E957623EFD8BA001E9C24 /* PasswordStrength.swift */; };
		FF6E959A23F1B68D001E9C24 /* demo.gif in Resources */ = {isa = PBXBuildFile; fileRef = FF6E959923F1B68D001E9C24 /* demo.gif */; };
/* End PBXBuildFile section */

/* Begin PBXFileReference section */
		FF6E955423EEE793001E9C24 /* CoolLoginScreens.app */ = {isa = PBXFileReference; explicitFileType = wrapper.application; includeInIndex = 0; path = CoolLoginScreens.app; sourceTree = BUILT_PRODUCTS_DIR; };
		FF6E955723EEE793001E9C24 /* AppDelegate.swift */ = {isa = PBXFileReference; lastKnownFileType = sourcecode.swift; path = AppDelegate.swift; sourceTree = "<group>"; };
		FF6E955923EEE793001E9C24 /* SceneDelegate.swift */ = {isa = PBXFileReference; lastKnownFileType = sourcecode.swift; path = SceneDelegate.swift; sourceTree = "<group>"; };
		FF6E955C23EEE793001E9C24 /* CoolLoginScreens.xcdatamodel */ = {isa = PBXFileReference; lastKnownFileType = wrapper.xcdatamodel; path = CoolLoginScreens.xcdatamodel; sourceTree = "<group>"; };
		FF6E955E23EEE793001E9C24 /* ContentView.swift */ = {isa = PBXFileReference; lastKnownFileType = sourcecode.swift; path = ContentView.swift; sourceTree = "<group>"; };
		FF6E956023EEE795001E9C24 /* Assets.xcassets */ = {isa = PBXFileReference; lastKnownFileType = folder.assetcatalog; path = Assets.xcassets; sourceTree = "<group>"; };
		FF6E956323EEE795001E9C24 /* Preview Assets.xcassets */ = {isa = PBXFileReference; lastKnownFileType = folder.assetcatalog; path = "Preview Assets.xcassets"; sourceTree = "<group>"; };
		FF6E956623EEE795001E9C24 /* Base */ = {isa = PBXFileReference; lastKnownFileType = file.storyboard; name = Base; path = Base.lproj/LaunchScreen.storyboard; sourceTree = "<group>"; };
		FF6E956823EEE795001E9C24 /* Info.plist */ = {isa = PBXFileReference; lastKnownFileType = text.plist.xml; path = Info.plist; sourceTree = "<group>"; };
		FF6E956E23EF22DA001E9C24 /* AppTextField.swift */ = {isa = PBXFileReference; lastKnownFileType = sourcecode.swift; path = AppTextField.swift; sourceTree = "<group>"; };
		FF6E957223EF27FE001E9C24 /* Temp.swift */ = {isa = PBXFileReference; lastKnownFileType = sourcecode.swift; path = Temp.swift; sourceTree = "<group>"; };
		FF6E957423EFD5B6001E9C24 /* UserViewModel.swift */ = {isa = PBXFileReference; lastKnownFileType = sourcecode.swift; path = UserViewModel.swift; sourceTree = "<group>"; };
		FF6E957623EFD8BA001E9C24 /* PasswordStrength.swift */ = {isa = PBXFileReference; lastKnownFileType = sourcecode.swift; path = PasswordStrength.swift; sourceTree = "<group>"; };
		FF6E959923F1B68D001E9C24 /* demo.gif */ = {isa = PBXFileReference; lastKnownFileType = image.gif; path = demo.gif; sourceTree = "<group>"; };
/* End PBXFileReference section */

/* Begin PBXFrameworksBuildPhase section */
		FF6E955123EEE793001E9C24 /* Frameworks */ = {
			isa = PBXFrameworksBuildPhase;
			buildActionMask = 2147483647;
			files = (
			);
			runOnlyForDeploymentPostprocessing = 0;
		};
/* End PBXFrameworksBuildPhase section */

/* Begin PBXGroup section */
		FF6E954B23EEE793001E9C24 = {
			isa = PBXGroup;
			children = (
				FF6E955623EEE793001E9C24 /* CoolLoginScreens */,
				FF6E955523EEE793001E9C24 /* Products */,
			);
			sourceTree = "<group>";
		};
		FF6E955523EEE793001E9C24 /* Products */ = {
			isa = PBXGroup;
			children = (
				FF6E955423EEE793001E9C24 /* CoolLoginScreens.app */,
			);
			name = Products;
			sourceTree = "<group>";
		};
		FF6E955623EEE793001E9C24 /* CoolLoginScreens */ = {
			isa = PBXGroup;
			children = (
				FF6E959923F1B68D001E9C24 /* demo.gif */,
				FF6E955723EEE793001E9C24 /* AppDelegate.swift */,
				FF6E955923EEE793001E9C24 /* SceneDelegate.swift */,
				FF6E957423EFD5B6001E9C24 /* UserViewModel.swift */,
				FF6E957623EFD8BA001E9C24 /* PasswordStrength.swift */,
				FF6E955E23EEE793001E9C24 /* ContentView.swift */,
				FF6E956E23EF22DA001E9C24 /* AppTextField.swift */,
				FF6E957223EF27FE001E9C24 /* Temp.swift */,
				FF6E956023EEE795001E9C24 /* Assets.xcassets */,
				FF6E956523EEE795001E9C24 /* LaunchScreen.storyboard */,
				FF6E956823EEE795001E9C24 /* Info.plist */,
				FF6E955B23EEE793001E9C24 /* CoolLoginScreens.xcdatamodeld */,
				FF6E956223EEE795001E9C24 /* Preview Content */,
			);
			path = CoolLoginScreens;
			sourceTree = "<group>";
		};
		FF6E956223EEE795001E9C24 /* Preview Content */ = {
			isa = PBXGroup;
			children = (
				FF6E956323EEE795001E9C24 /* Preview Assets.xcassets */,
			);
			path = "Preview Content";
			sourceTree = "<group>";
		};
/* End PBXGroup section */

/* Begin PBXNativeTarget section */
		FF6E955323EEE793001E9C24 /* CoolLoginScreens */ = {
			isa = PBXNativeTarget;
			buildConfigurationList = FF6E956B23EEE795001E9C24 /* Build configuration list for PBXNativeTarget "CoolLoginScreens" */;
			buildPhases = (
				FF6E955023EEE793001E9C24 /* Sources */,
				FF6E955123EEE793001E9C24 /* Frameworks */,
				FF6E955223EEE793001E9C24 /* Resources */,
			);
			buildRules = (
			);
			dependencies = (
			);
			name = CoolLoginScreens;
			productName = CoolLoginScreens;
			productReference = FF6E955423EEE793001E9C24 /* CoolLoginScreens.app */;
			productType = "com.apple.product-type.application";
		};
/* End PBXNativeTarget section */

/* Begin PBXProject section */
		FF6E954C23EEE793001E9C24 /* Project object */ = {
			isa = PBXProject;
			attributes = {
				LastSwiftUpdateCheck = 1130;
				LastUpgradeCheck = 1130;
				ORGANIZATIONNAME = "Hitesh Agarwal";
				TargetAttributes = {
					FF6E955323EEE793001E9C24 = {
						CreatedOnToolsVersion = 11.3.1;
					};
				};
			};
			buildConfigurationList = FF6E954F23EEE793001E9C24 /* Build configuration list for PBXProject "CoolLoginScreens" */;
			compatibilityVersion = "Xcode 9.3";
			developmentRegion = en;
			hasScannedForEncodings = 0;
			knownRegions = (
				en,
				Base,
			);
			mainGroup = FF6E954B23EEE793001E9C24;
			productRefGroup = FF6E955523EEE793001E9C24 /* Products */;
			projectDirPath = "";
			projectRoot = "";
			targets = (
				FF6E955323EEE793001E9C24 /* CoolLoginScreens */,
			);
		};
/* End PBXProject section */

/* Begin PBXResourcesBuildPhase section */
		FF6E955223EEE793001E9C24 /* Resources */ = {
			isa = PBXResourcesBuildPhase;
			buildActionMask = 2147483647;
			files = (
				FF6E959A23F1B68D001E9C24 /* demo.gif in Resources */,
				FF6E956723EEE795001E9C24 /* LaunchScreen.storyboard in Resources */,
				FF6E956423EEE795001E9C24 /* Preview Assets.xcassets in Resources */,
				FF6E956123EEE795001E9C24 /* Assets.xcassets in Resources */,
			);
			runOnlyForDeploymentPostprocessing = 0;
		};
/* End PBXResourcesBuildPhase section */

/* Begin PBXSourcesBuildPhase section */
		FF6E955023EEE793001E9C24 /* Sources */ = {
			isa = PBXSourcesBuildPhase;
			buildActionMask = 2147483647;
			files = (
				FF6E955D23EEE793001E9C24 /* CoolLoginScreens.xcdatamodeld in Sources */,
				FF6E955823EEE793001E9C24 /* AppDelegate.swift in Sources */,
				FF6E955F23EEE793001E9C24 /* ContentView.swift in Sources */,
				FF6E957723EFD8BA001E9C24 /* PasswordStrength.swift in Sources */,
				FF6E955A23EEE793001E9C24 /* SceneDelegate.swift in Sources */,
				FF6E956F23EF22DA001E9C24 /* AppTextField.swift in Sources */,
				FF6E957523EFD5B6001E9C24 /* UserViewModel.swift in Sources */,
				FF6E957323EF27FE001E9C24 /* Temp.swift in Sources */,
			);
			runOnlyForDeploymentPostprocessing = 0;
		};
/* End PBXSourcesBuildPhase section */

/* Begin PBXVariantGroup section */
		FF6E956523EEE795001E9C24 /* LaunchScreen.storyboard */ = {
			isa = PBXVariantGroup;
			children = (
				FF6E956623EEE795001E9C24 /* Base */,
			);
			name = LaunchScreen.storyboard;
			sourceTree = "<group>";
		};
/* End PBXVariantGroup section */

/* Begin XCBuildConfiguration section */
		FF6E956923EEE795001E9C24 /* Debug */ = {
			isa = XCBuildConfiguration;
			buildSettings = {
				ALWAYS_SEARCH_USER_PATHS = NO;
				CLANG_ANALYZER_NONNULL = YES;
				CLANG_ANALYZER_NUMBER_OBJECT_CONVERSION = YES_AGGRESSIVE;
				CLANG_CXX_LANGUAGE_STANDARD = "gnu++14";
				CLANG_CXX_LIBRARY = "libc++";
				CLANG_ENABLE_MODULES = YES;
				CLANG_ENABLE_OBJC_ARC = YES;
				CLANG_ENABLE_OBJC_WEAK = YES;
				CLANG_WARN_BLOCK_CAPTURE_AUTORELEASING = YES;
				CLANG_WARN_BOOL_CONVERSION = YES;
				CLANG_WARN_COMMA = YES;
				CLANG_WARN_CONSTANT_CONVERSION = YES;
				CLANG_WARN_DEPRECATED_OBJC_IMPLEMENTATIONS = YES;
				CLANG_WARN_DIRECT_OBJC_ISA_USAGE = YES_ERROR;
				CLANG_WARN_DOCUMENTATION_COMMENTS = YES;
				CLANG_WARN_EMPTY_BODY = YES;
				CLANG_WARN_ENUM_CONVERSION = YES;
				CLANG_WARN_INFINITE_RECURSION = YES;
				CLANG_WARN_INT_CONVERSION = YES;
				CLANG_WARN_NON_LITERAL_NULL_CONVERSION = YES;
				CLANG_WARN_OBJC_IMPLICIT_RETAIN_SELF = YES;
				CLANG_WARN_OBJC_LITERAL_CONVERSION = YES;
				CLANG_WARN_OBJC_ROOT_CLASS = YES_ERROR;
				CLANG_WARN_RANGE_LOOP_ANALYSIS = YES;
				CLANG_WARN_STRICT_PROTOTYPES = YES;
				CLANG_WARN_SUSPICIOUS_MOVE = YES;
				CLANG_WARN_UNGUARDED_AVAILABILITY = YES_AGGRESSIVE;
				CLANG_WARN_UNREACHABLE_CODE = YES;
				CLANG_WARN__DUPLICATE_METHOD_MATCH = YES;
				COPY_PHASE_STRIP = NO;
				DEBUG_INFORMATION_FORMAT = dwarf;
				ENABLE_STRICT_OBJC_MSGSEND = YES;
				ENABLE_TESTABILITY = YES;
				GCC_C_LANGUAGE_STANDARD = gnu11;
				GCC_DYNAMIC_NO_PIC = NO;
				GCC_NO_COMMON_BLOCKS = YES;
				GCC_OPTIMIZATION_LEVEL = 0;
				GCC_PREPROCESSOR_DEFINITIONS = (
					"DEBUG=1",
					"$(inherited)",
				);
				GCC_WARN_64_TO_32_BIT_CONVERSION = YES;
				GCC_WARN_ABOUT_RETURN_TYPE = YES_ERROR;
				GCC_WARN_UNDECLARED_SELECTOR = YES;
				GCC_WARN_UNINITIALIZED_AUTOS = YES_AGGRESSIVE;
				GCC_WARN_UNUSED_FUNCTION = YES;
				GCC_WARN_UNUSED_VARIABLE = YES;
				IPHONEOS_DEPLOYMENT_TARGET = 13.2;
				MTL_ENABLE_DEBUG_INFO = INCLUDE_SOURCE;
				MTL_FAST_MATH = YES;
				ONLY_ACTIVE_ARCH = YES;
				SDKROOT = iphoneos;
				SWIFT_ACTIVE_COMPILATION_CONDITIONS = DEBUG;
				SWIFT_OPTIMIZATION_LEVEL = "-Onone";
			};
			name = Debug;
		};
		FF6E956A23EEE795001E9C24 /* Release */ = {
			isa = XCBuildConfiguration;
			buildSettings = {
				ALWAYS_SEARCH_USER_PATHS = NO;
				CLANG_ANALYZER_NONNULL = YES;
				CLANG_ANALYZER_NUMBER_OBJECT_CONVERSION = YES_AGGRESSIVE;
				CLANG_CXX_LANGUAGE_STANDARD = "gnu++14";
				CLANG_CXX_LIBRARY = "libc++";
				CLANG_ENABLE_MODULES = YES;
				CLANG_ENABLE_OBJC_ARC = YES;
				CLANG_ENABLE_OBJC_WEAK = YES;
				CLANG_WARN_BLOCK_CAPTURE_AUTORELEASING = YES;
				CLANG_WARN_BOOL_CONVERSION = YES;
				CLANG_WARN_COMMA = YES;
				CLANG_WARN_CONSTANT_CONVERSION = YES;
				CLANG_WARN_DEPRECATED_OBJC_IMPLEMENTATIONS = YES;
				CLANG_WARN_DIRECT_OBJC_ISA_USAGE = YES_ERROR;
				CLANG_WARN_DOCUMENTATION_COMMENTS = YES;
				CLANG_WARN_EMPTY_BODY = YES;
				CLANG_WARN_ENUM_CONVERSION = YES;
				CLANG_WARN_INFINITE_RECURSION = YES;
				CLANG_WARN_INT_CONVERSION = YES;
				CLANG_WARN_NON_LITERAL_NULL_CONVERSION = YES;
				CLANG_WARN_OBJC_IMPLICIT_RETAIN_SELF = YES;
				CLANG_WARN_OBJC_LITERAL_CONVERSION = YES;
				CLANG_WARN_OBJC_ROOT_CLASS = YES_ERROR;
				CLANG_WARN_RANGE_LOOP_ANALYSIS = YES;
				CLANG_WARN_STRICT_PROTOTYPES = YES;
				CLANG_WARN_SUSPICIOUS_MOVE = YES;
				CLANG_WARN_UNGUARDED_AVAILABILITY = YES_AGGRESSIVE;
				CLANG_WARN_UNREACHABLE_CODE = YES;
				CLANG_WARN__DUPLICATE_METHOD_MATCH = YES;
				COPY_PHASE_STRIP = NO;
				DEBUG_INFORMATION_FORMAT = "dwarf-with-dsym";
				ENABLE_NS_ASSERTIONS = NO;
				ENABLE_STRICT_OBJC_MSGSEND = YES;
				GCC_C_LANGUAGE_STANDARD = gnu11;
				GCC_NO_COMMON_BLOCKS = YES;
				GCC_WARN_64_TO_32_BIT_CONVERSION = YES;
				GCC_WARN_ABOUT_RETURN_TYPE = YES_ERROR;
				GCC_WARN_UNDECLARED_SELECTOR = YES;
				GCC_WARN_UNINITIALIZED_AUTOS = YES_AGGRESSIVE;
				GCC_WARN_UNUSED_FUNCTION = YES;
				GCC_WARN_UNUSED_VARIABLE = YES;
				IPHONEOS_DEPLOYMENT_TARGET = 13.2;
				MTL_ENABLE_DEBUG_INFO = NO;
				MTL_FAST_MATH = YES;
				SDKROOT = iphoneos;
				SWIFT_COMPILATION_MODE = wholemodule;
				SWIFT_OPTIMIZATION_LEVEL = "-O";
				VALIDATE_PRODUCT = YES;
			};
			name = Release;
		};
		FF6E956C23EEE795001E9C24 /* Debug */ = {
			isa = XCBuildConfiguration;
			buildSettings = {
				ASSETCATALOG_COMPILER_APPICON_NAME = AppIcon;
				CODE_SIGN_STYLE = Automatic;
				DEVELOPMENT_ASSET_PATHS = "\"CoolLoginScreens/Preview Content\"";
				ENABLE_PREVIEWS = YES;
				INFOPLIST_FILE = CoolLoginScreens/Info.plist;
				LD_RUNPATH_SEARCH_PATHS = (
					"$(inherited)",
					"@executable_path/Frameworks",
				);
				PRODUCT_BUNDLE_IDENTIFIER = com.times.SwiftUI.searchBar.CoolLoginScreens;
				PRODUCT_NAME = "$(TARGET_NAME)";
				SWIFT_VERSION = 5.0;
				TARGETED_DEVICE_FAMILY = "1,2";
			};
			name = Debug;
		};
		FF6E956D23EEE795001E9C24 /* Release */ = {
			isa = XCBuildConfiguration;
			buildSettings = {
				ASSETCATALOG_COMPILER_APPICON_NAME = AppIcon;
				CODE_SIGN_STYLE = Automatic;
				DEVELOPMENT_ASSET_PATHS = "\"CoolLoginScreens/Preview Content\"";
				ENABLE_PREVIEWS = YES;
				INFOPLIST_FILE = CoolLoginScreens/Info.plist;
				LD_RUNPATH_SEARCH_PATHS = (
					"$(inherited)",
					"@executable_path/Frameworks",
				);
				PRODUCT_BUNDLE_IDENTIFIER = com.times.SwiftUI.searchBar.CoolLoginScreens;
				PRODUCT_NAME = "$(TARGET_NAME)";
				SWIFT_VERSION = 5.0;
				TARGETED_DEVICE_FAMILY = "1,2";
			};
			name = Release;
		};
/* End XCBuildConfiguration section */

/* Begin XCConfigurationList section */
		FF6E954F23EEE793001E9C24 /* Build configuration list for PBXProject "CoolLoginScreens" */ = {
			isa = XCConfigurationList;
			buildConfigurations = (
				FF6E956923EEE795001E9C24 /* Debug */,
				FF6E956A23EEE795001E9C24 /* Release */,
			);
			defaultConfigurationIsVisible = 0;
			defaultConfigurationName = Release;
		};
		FF6E956B23EEE795001E9C24 /* Build configuration list for PBXNativeTarget "CoolLoginScreens" */ = {
			isa = XCConfigurationList;
			buildConfigurations = (
				FF6E956C23EEE795001E9C24 /* Debug */,
				FF6E956D23EEE795001E9C24 /* Release */,
			);
			defaultConfigurationIsVisible = 0;
			defaultConfigurationName = Release;
		};
/* End XCConfigurationList section */

/* Begin XCVersionGroup section */
		FF6E955B23EEE793001E9C24 /* CoolLoginScreens.xcdatamodeld */ = {
			isa = XCVersionGroup;
			children = (
				FF6E955C23EEE793001E9C24 /* CoolLoginScreens.xcdatamodel */,
			);
			currentVersion = FF6E955C23EEE793001E9C24 /* CoolLoginScreens.xcdatamodel */;
			path = CoolLoginScreens.xcdatamodeld;
			sourceTree = "<group>";
			versionGroupType = wrapper.xcdatamodel;
		};
/* End XCVersionGroup section */
	};
	rootObject = FF6E954C23EEE793001E9C24 /* Project object */;
}
